
Microsoft Visual Studio Solution File, Format Version 12.00
# Visual Studio Version 17
VisualStudioVersion = 17.14.36518.9
MinimumVisualStudioVersion = 10.0.40219.1
Project("{FAE04EC0-301F-11D3-BF4B-00C04F79EFBC}") = "PetGrooming", "PetGrooming\PetGrooming.csproj", "{56054FA2-ACC7-43C6-A1C3-104E9BBB331B}"
EndProject
Project("{FAE04EC0-301F-11D3-BF4B-00C04F79EFBC}") = "PetGrooming1.Tests", "PetGrooming1.Tests\PetGrooming1.Tests.csproj", "{747A34CB-E229-4489-9549-FDBE10DADD0B}"
EndProject
Global
	GlobalSection(SolutionConfigurationPlatforms) = preSolution
		Debug|Any CPU = Debug|Any CPU
		Debug|x64 = Debug|x64
		Debug|x86 = Debug|x86
		Release|Any CPU = Release|Any CPU
		Release|x64 = Release|x64
		Release|x86 = Release|x86
	EndGlobalSection
	GlobalSection(ProjectConfigurationPlatforms) = postSolution
		{56054FA2-ACC7-43C6-A1C3-104E9BBB331B}.Debug|Any CPU.ActiveCfg = Debug|Any CPU
		{56054FA2-ACC7-43C6-A1C3-104E9BBB331B}.Debug|Any CPU.Build.0 = Debug|Any CPU
		{56054FA2-ACC7-43C6-A1C3-104E9BBB331B}.Debug|x64.ActiveCfg = Debug|Any CPU
		{56054FA2-ACC7-43C6-A1C3-104E9BBB331B}.Debug|x64.Build.0 = Debug|Any CPU
		{56054FA2-ACC7-43C6-A1C3-104E9BBB331B}.Debug|x86.ActiveCfg = Debug|Any CPU
		{56054FA2-ACC7-43C6-A1C3-104E9BBB331B}.Debug|x86.Build.0 = Debug|Any CPU
		{56054FA2-ACC7-43C6-A1C3-104E9BBB331B}.Release|Any CPU.ActiveCfg = Release|Any CPU
		{56054FA2-ACC7-43C6-A1C3-104E9BBB331B}.Release|Any CPU.Build.0 = Release|Any CPU
		{56054FA2-ACC7-43C6-A1C3-104E9BBB331B}.Release|x64.ActiveCfg = Release|Any CPU
		{56054FA2-ACC7-43C6-A1C3-104E9BBB331B}.Release|x64.Build.0 = Release|Any CPU
		{56054FA2-ACC7-43C6-A1C3-104E9BBB331B}.Release|x86.ActiveCfg = Release|Any CPU
		{56054FA2-ACC7-43C6-A1C3-104E9BBB331B}.Release|x86.Build.0 = Release|Any CPU
		{747A34CB-E229-4489-9549-FDBE10DADD0B}.Debug|Any CPU.ActiveCfg = Debug|Any CPU
		{747A34CB-E229-4489-9549-FDBE10DADD0B}.Debug|Any CPU.Build.0 = Debug|Any CPU
		{747A34CB-E229-4489-9549-FDBE10DADD0B}.Debug|x64.ActiveCfg = Debug|Any CPU
		{747A34CB-E229-4489-9549-FDBE10DADD0B}.Debug|x64.Build.0 = Debug|Any CPU
		{747A34CB-E229-4489-9549-FDBE10DADD0B}.Debug|x86.ActiveCfg = Debug|Any CPU
		{747A34CB-E229-4489-9549-FDBE10DADD0B}.Debug|x86.Build.0 = Debug|Any CPU
		{747A34CB-E229-4489-9549-FDBE10DADD0B}.Release|Any CPU.ActiveCfg = Release|Any CPU
		{747A34CB-E229-4489-9549-FDBE10DADD0B}.Release|Any CPU.Build.0 = Release|Any CPU
		{747A34CB-E229-4489-9549-FDBE10DADD0B}.Release|x64.ActiveCfg = Release|Any CPU
		{747A34CB-E229-4489-9549-FDBE10DADD0B}.Release|x64.Build.0 = Release|Any CPU
		{747A34CB-E229-4489-9549-FDBE10DADD0B}.Release|x86.ActiveCfg = Release|Any CPU
		{747A34CB-E229-4489-9549-FDBE10DADD0B}.Release|x86.Build.0 = Release|Any CPU
	EndGlobalSection
	GlobalSection(SolutionProperties) = preSolution
		HideSolutionNode = FALSE
	EndGlobalSection
	GlobalSection(ExtensibilityGlobals) = postSolution
		SolutionGuid = {3AEDFFAE-7324-4BA2-ADF6-A77CCEA3B25F}
	EndGlobalSection
EndGlobal
